<?xml version="1.0" encoding="utf-8"?>
<Project ToolsVersion="4.0" xmlns="http://schemas.microsoft.com/developer/msbuild/2003">
  <ItemGroup>
    <Filter Include="Source Files">
      <UniqueIdentifier>{4FC737F1-C7A5-4376-A066-2A32D752A2FF}</UniqueIdentifier>
      <Extensions>cpp;c;cc;cxx;def;odl;idl;hpj;bat;asm;asmx</Extensions>
    </Filter>
    <Filter Include="Header Files">
      <UniqueIdentifier>{93995380-89BD-4b04-88EB-625FBE52EBFB}</UniqueIdentifier>
      <Extensions>h;hh;hpp;hxx;hm;inl;inc;xsd</Extensions>
    </Filter>
    <Filter Include="Resource Files">
      <UniqueIdentifier>{67DA6AB6-F800-4c08-8B7A-83BB121AAD01}</UniqueIdentifier>
      <Extensions>rc;ico;cur;bmp;dlg;rc2;rct;bin;rgs;gif;jpg;jpeg;jpe;resx;tiff;tif;png;wav;mfcribbon-ms</Extensions>
    </Filter>
  </ItemGroup>
  <ItemGroup>
    <Text Include="ReadMe.txt" />
  </ItemGroup>
  <ItemGroup>
    <ClInclude Include="PlannerApp.h">
      <Filter>Header Files</Filter>
    </ClInclude>
    <ClInclude Include="stdafx.h">
      <Filter>Header Files</Filter>
    </ClInclude>
    <ClInclude Include="targetver.h">
      <Filter>Header Files</Filter>
    </ClInclude>
    <ClInclude Include="MainFrm.h">
      <Filter>Header Files</Filter>
    </ClInclude>
    <ClInclude Include="PlannerAppDoc.h">
      <Filter>Header Files</Filter>
    </ClInclude>
    <ClInclude Include="PlannerAppView.h">
      <Filter>Header Files</Filter>
    </ClInclude>
    <ClInclude Include="Resource.h">
      <Filter>Header Files</Filter>
    </ClInclude>
    <ClInclude Include="PlanAPI\Day.h">
      <Filter>Header Files</Filter>
    </ClInclude>
    <ClInclude Include="PlanAPI\LLNode.h">
      <Filter>Header Files</Filter>
    </ClInclude>
    <ClInclude Include="PlanAPI\LLNode_Event.h">
      <Filter>Header Files</Filter>
    </ClInclude>
    <ClInclude Include="PlanAPI\LLNode_Year.h">
      <Filter>Header Files</Filter>
    </ClInclude>
    <ClInclude Include="PlanAPI\Month.h">
      <Filter>Header Files</Filter>
    </ClInclude>
    <ClInclude Include="PlanAPI\PlannerEvent.h">
      <Filter>Header Files</Filter>
    </ClInclude>
    <ClInclude Include="PlanAPI\PlannerObject.h">
      <Filter>Header Files</Filter>
    </ClInclude>
    <ClInclude Include="PlanAPI\Year.h">
      <Filter>Header Files</Filter>
    </ClInclude>
    <ClInclude Include="SubView\ViewBase.h">
      <Filter>Header Files</Filter>
    </ClInclude>
    <ClInclude Include="Dialog\DialogAddEvent.h">
      <Filter>Header Files</Filter>
    </ClInclude>
    <ClInclude Include="PlanAPI\stdafx.h">
      <Filter>Header Files</Filter>
    </ClInclude>
    <ClInclude Include="Dialog\stdafx.h">
      <Filter>Header Files</Filter>
    </ClInclude>
    <ClInclude Include="SubView\stdafx.h">
      <Filter>Header Files</Filter>
    </ClInclude>
    <ClInclude Include="Dialog\DialogNewPlanner.h">
      <Filter>Header Files</Filter>
    </ClInclude>
  </ItemGroup>
  <ItemGroup>
    <ClCompile Include="PlannerApp.cpp">
      <Filter>Source Files</Filter>
    </ClCompile>
    <ClCompile Include="stdafx.cpp">
      <Filter>Source Files</Filter>
    </ClCompile>
    <ClCompile Include="MainFrm.cpp">
      <Filter>Source Files</Filter>
    </ClCompile>
    <ClCompile Include="PlannerAppDoc.cpp">
      <Filter>Source Files</Filter>
    </ClCompile>
    <ClCompile Include="PlannerAppView.cpp">
      <Filter>Source Files</Filter>
    </ClCompile>
    <ClCompile Include="PlanAPI\Day.cpp">
      <Filter>Source Files</Filter>
    </ClCompile>
    <ClCompile Include="PlanAPI\LLNode.cpp">
      <Filter>Source Files</Filter>
    </ClCompile>
    <ClCompile Include="PlanAPI\LLNode_Event.cpp">
      <Filter>Source Files</Filter>
    </ClCompile>
    <ClCompile Include="PlanAPI\LLNode_Year.cpp">
      <Filter>Source Files</Filter>
    </ClCompile>
    <ClCompile Include="PlanAPI\Month.cpp">
      <Filter>Source Files</Filter>
    </ClCompile>
    <ClCompile Include="PlanAPI\PlannerEvent.cpp">
      <Filter>Source Files</Filter>
    </ClCompile>
    <ClCompile Include="PlanAPI\PlannerObject.cpp">
      <Filter>Source Files</Filter>
    </ClCompile>
    <ClCompile Include="PlanAPI\Year.cpp">
      <Filter>Source Files</Filter>
    </ClCompile>
    <ClCompile Include="SubView\ViewBase.cpp">
      <Filter>Source Files</Filter>
    </ClCompile>
    <ClCompile Include="SubView\ViewDaily.cpp">
      <Filter>Source Files</Filter>
    </ClCompile>
    <ClCompile Include="SubView\ViewMonthly.cpp">
      <Filter>Source Files</Filter>
    </ClCompile>
    <ClCompile Include="SubView\ViewWeekly.cpp">
      <Filter>Source Files</Filter>
    </ClCompile>
    <ClCompile Include="Dialog\DialogAddEvent.cpp">
      <Filter>Source Files</Filter>
    </ClCompile>
    <ClCompile Include="PLANNER.cpp">
      <Filter>Source Files</Filter>
    </ClCompile>
    <ClCompile Include="SubView\ViewDefault.cpp">
      <Filter>Source Files</Filter>
    </ClCompile>
    <ClCompile Include="Dialog\DialogNewPlanner.cpp">
      <Filter>Source Files</Filter>
    </ClCompile>
  </ItemGroup>
  <ItemGroup>
    <None Include="PlannerApp.reg" />
    <None Include="res\PlannerApp.rc2">
      <Filter>Resource Files</Filter>
    </None>
    <None Include="ClassDiagram.cd" />
    <None Include="ClassDiagram1.cd" />
  </ItemGroup>
  <ItemGroup>
    <ResourceCompile Include="PlannerApp.rc">
      <Filter>Resource Files</Filter>
    </ResourceCompile>
  </ItemGroup>
  <ItemGroup>
    <Image Include="UserImages.bmp">
      <Filter>Resource Files</Filter>
    </Image>
    <Image Include="res\PlannerAppDoc.ico">
      <Filter>Resource Files</Filter>
    </Image>
    <Image Include="res\PlannerApp.ico">
      <Filter>Resource Files</Filter>
    </Image>
    <Image Include="res\Toolbar.bmp">
      <Filter>Resource Files</Filter>
    </Image>
    <Image Include="res\Toolbar256.bmp">
      <Filter>Resource Files</Filter>
    </Image>
    <Image Include="..\..\planner_prelim\planner_prelim\res\Toolbar256.bmp">
      <Filter>Resource Files</Filter>
    </Image>
    <Image Include="res\bitmap2.bmp">
      <Filter>Resource Files</Filter>
    </Image>
    <Image Include="res\welcomeTxt.bmp">
      <Filter>Resource Files</Filter>
    </Image>
  </ItemGroup>
</Project>